// !$*UTF8*$!
{
	archiveVersion = 1;
	classes = {
	};
	objectVersion = 46;
	objects = {

/* Begin PBXBuildFile section */
		7D0E4E191B837F1200664191 /* main.m in Sources */ = {isa = PBXBuildFile; fileRef = 7D0E4E181B837F1200664191 /* main.m */; };
		7D0E4E1C1B837F1200664191 /* AppDelegate.m in Sources */ = {isa = PBXBuildFile; fileRef = 7D0E4E1B1B837F1200664191 /* AppDelegate.m */; };
		7D0E4E1F1B837F1200664191 /* ViewController.m in Sources */ = {isa = PBXBuildFile; fileRef = 7D0E4E1E1B837F1200664191 /* ViewController.m */; };
		7D0E4E221B837F1200664191 /* Main.storyboard in Resources */ = {isa = PBXBuildFile; fileRef = 7D0E4E201B837F1200664191 /* Main.storyboard */; };
		7D0E4E241B837F1200664191 /* Images.xcassets in Resources */ = {isa = PBXBuildFile; fileRef = 7D0E4E231B837F1200664191 /* Images.xcassets */; };
		7D0E4E271B837F1200664191 /* LaunchScreen.xib in Resources */ = {isa = PBXBuildFile; fileRef = 7D0E4E251B837F1200664191 /* LaunchScreen.xib */; };
		7D0E4E331B837F1200664191 /* WKPullToBounceTests.m in Sources */ = {isa = PBXBuildFile; fileRef = 7D0E4E321B837F1200664191 /* WKPullToBounceTests.m */; };
		7D0E4E441B837F2200664191 /* BallView.m in Sources */ = {isa = PBXBuildFile; fileRef = 7D0E4E3E1B837F2200664191 /* BallView.m */; };
		7D0E4E451B837F2200664191 /* NSTimer+PullToBounce.m in Sources */ = {isa = PBXBuildFile; fileRef = 7D0E4E411B837F2200664191 /* NSTimer+PullToBounce.m */; };
		7D0E4E461B837F2200664191 /* UIView+PullToBounce.m in Sources */ = {isa = PBXBuildFile; fileRef = 7D0E4E431B837F2200664191 /* UIView+PullToBounce.m */; };
		7D0E4E491B837FF900664191 /* WaveView.m in Sources */ = {isa = PBXBuildFile; fileRef = 7D0E4E481B837FF900664191 /* WaveView.m */; };
		7D0E4E4C1B838A4000664191 /* BounceView.m in Sources */ = {isa = PBXBuildFile; fileRef = 7D0E4E4B1B838A4000664191 /* BounceView.m */; };
		7D0E4E4F1B838F3400664191 /* LMPullToBounceWrapper.m in Sources */ = {isa = PBXBuildFile; fileRef = 7D0E4E4E1B838F3400664191 /* LMPullToBounceWrapper.m */; };
		7DF17BF91B849E9A00DD3F33 /* SampleTableViewCell.m in Sources */ = {isa = PBXBuildFile; fileRef = 7DF17BF81B849E9A00DD3F33 /* SampleTableViewCell.m */; };
/* End PBXBuildFile section */

/* Begin PBXContainerItemProxy section */
		7D0E4E2D1B837F1200664191 /* PBXContainerItemProxy */ = {
			isa = PBXContainerItemProxy;
			containerPortal = 7D0E4E0B1B837F1200664191 /* Project object */;
			proxyType = 1;
			remoteGlobalIDString = 7D0E4E121B837F1200664191;
			remoteInfo = WKPullToBounce;
		};
/* End PBXContainerItemProxy section */

/* Begin PBXFileReference section */
		1E60323A07C8C0024A44E9C8 /* libPods-WKPullToBounce.a */ = {isa = PBXFileReference; explicitFileType = archive.ar; includeInIndex = 0; path = "libPods-WKPullToBounce.a"; sourceTree = BUILT_PRODUCTS_DIR; };
		7D0E4E131B837F1200664191 /* LMPullToBounce.app */ = {isa = PBXFileReference; explicitFileType = wrapper.application; includeInIndex = 0; path = LMPullToBounce.app; sourceTree = BUILT_PRODUCTS_DIR; };
		7D0E4E171B837F1200664191 /* Info.plist */ = {isa = PBXFileReference; lastKnownFileType = text.plist.xml; path = Info.plist; sourceTree = "<group>"; };
		7D0E4E181B837F1200664191 /* main.m */ = {isa = PBXFileReference; lastKnownFileType = sourcecode.c.objc; path = main.m; sourceTree = "<group>"; };
		7D0E4E1A1B837F1200664191 /* AppDelegate.h */ = {isa = PBXFileReference; lastKnownFileType = sourcecode.c.h; path = AppDelegate.h; sourceTree = "<group>"; };
		7D0E4E1B1B837F1200664191 /* AppDelegate.m */ = {isa = PBXFileReference; lastKnownFileType = sourcecode.c.objc; path = AppDelegate.m; sourceTree = "<group>"; };
		7D0E4E1D1B837F1200664191 /* ViewController.h */ = {isa = PBXFileReference; lastKnownFileType = sourcecode.c.h; path = ViewController.h; sourceTree = "<group>"; };
		7D0E4E1E1B837F1200664191 /* ViewController.m */ = {isa = PBXFileReference; lastKnownFileType = sourcecode.c.objc; path = ViewController.m; sourceTree = "<group>"; };
		7D0E4E211B837F1200664191 /* Base */ = {isa = PBXFileReference; lastKnownFileType = file.storyboard; name = Base; path = Base.lproj/Main.storyboard; sourceTree = "<group>"; };
		7D0E4E231B837F1200664191 /* Images.xcassets */ = {isa = PBXFileReference; lastKnownFileType = folder.assetcatalog; path = Images.xcassets; sourceTree = "<group>"; };
		7D0E4E261B837F1200664191 /* Base */ = {isa = PBXFileReference; lastKnownFileType = file.xib; name = Base; path = Base.lproj/LaunchScreen.xib; sourceTree = "<group>"; };
		7D0E4E2C1B837F1200664191 /* LMPullToBounceTests.xctest */ = {isa = PBXFileReference; explicitFileType = wrapper.cfbundle; includeInIndex = 0; path = LMPullToBounceTests.xctest; sourceTree = BUILT_PRODUCTS_DIR; };
		7D0E4E311B837F1200664191 /* Info.plist */ = {isa = PBXFileReference; lastKnownFileType = text.plist.xml; path = Info.plist; sourceTree = "<group>"; };
		7D0E4E321B837F1200664191 /* WKPullToBounceTests.m */ = {isa = PBXFileReference; lastKnownFileType = sourcecode.c.objc; path = WKPullToBounceTests.m; sourceTree = "<group>"; };
		7D0E4E3D1B837F2200664191 /* BallView.h */ = {isa = PBXFileReference; fileEncoding = 4; lastKnownFileType = sourcecode.c.h; path = BallView.h; sourceTree = "<group>"; };
		7D0E4E3E1B837F2200664191 /* BallView.m */ = {isa = PBXFileReference; fileEncoding = 4; lastKnownFileType = sourcecode.c.objc; path = BallView.m; sourceTree = "<group>"; };
		7D0E4E401B837F2200664191 /* NSTimer+PullToBounce.h */ = {isa = PBXFileReference; fileEncoding = 4; lastKnownFileType = sourcecode.c.h; path = "NSTimer+PullToBounce.h"; sourceTree = "<group>"; };
		7D0E4E411B837F2200664191 /* NSTimer+PullToBounce.m */ = {isa = PBXFileReference; fileEncoding = 4; lastKnownFileType = sourcecode.c.objc; path = "NSTimer+PullToBounce.m"; sourceTree = "<group>"; };
		7D0E4E421B837F2200664191 /* UIView+PullToBounce.h */ = {isa = PBXFileReference; fileEncoding = 4; lastKnownFileType = sourcecode.c.h; path = "UIView+PullToBounce.h"; sourceTree = "<group>"; };
		7D0E4E431B837F2200664191 /* UIView+PullToBounce.m */ = {isa = PBXFileReference; fileEncoding = 4; lastKnownFileType = sourcecode.c.objc; path = "UIView+PullToBounce.m"; sourceTree = "<group>"; };
		7D0E4E471B837FF900664191 /* WaveView.h */ = {isa = PBXFileReference; fileEncoding = 4; lastKnownFileType = sourcecode.c.h; path = WaveView.h; sourceTree = "<group>"; };
		7D0E4E481B837FF900664191 /* WaveView.m */ = {isa = PBXFileReference; fileEncoding = 4; lastKnownFileType = sourcecode.c.objc; path = WaveView.m; sourceTree = "<group>"; };
		7D0E4E4A1B838A4000664191 /* BounceView.h */ = {isa = PBXFileReference; fileEncoding = 4; lastKnownFileType = sourcecode.c.h; path = BounceView.h; sourceTree = "<group>"; };
		7D0E4E4B1B838A4000664191 /* BounceView.m */ = {isa = PBXFileReference; fileEncoding = 4; lastKnownFileType = sourcecode.c.objc; path = BounceView.m; sourceTree = "<group>"; };
		7D0E4E4D1B838F3400664191 /* LMPullToBounceWrapper.h */ = {isa = PBXFileReference; fileEncoding = 4; lastKnownFileType = sourcecode.c.h; path = LMPullToBounceWrapper.h; sourceTree = "<group>"; };
		7D0E4E4E1B838F3400664191 /* LMPullToBounceWrapper.m */ = {isa = PBXFileReference; fileEncoding = 4; lastKnownFileType = sourcecode.c.objc; path = LMPullToBounceWrapper.m; sourceTree = "<group>"; };
		7DF17BF71B849E9A00DD3F33 /* SampleTableViewCell.h */ = {isa = PBXFileReference; fileEncoding = 4; lastKnownFileType = sourcecode.c.h; name = SampleTableViewCell.h; path = Source/SampleTableViewCell.h; sourceTree = "<group>"; };
		7DF17BF81B849E9A00DD3F33 /* SampleTableViewCell.m */ = {isa = PBXFileReference; fileEncoding = 4; lastKnownFileType = sourcecode.c.objc; name = SampleTableViewCell.m; path = Source/SampleTableViewCell.m; sourceTree = "<group>"; };
/* End PBXFileReference section */

/* Begin PBXFrameworksBuildPhase section */
		7D0E4E101B837F1200664191 /* Frameworks */ = {
			isa = PBXFrameworksBuildPhase;
			buildActionMask = 2147483647;
			files = (
			);
			runOnlyForDeploymentPostprocessing = 0;
		};
		7D0E4E291B837F1200664191 /* Frameworks */ = {
			isa = PBXFrameworksBuildPhase;
			buildActionMask = 2147483647;
			files = (
			);
			runOnlyForDeploymentPostprocessing = 0;
		};
/* End PBXFrameworksBuildPhase section */

/* Begin PBXGroup section */
		19F5D411FE1EFCC302B7B3F9 /* Frameworks */ = {
			isa = PBXGroup;
			children = (
				1E60323A07C8C0024A44E9C8 /* libPods-WKPullToBounce.a */,
			);
			name = Frameworks;
			sourceTree = "<group>";
		};
		7D0E4E0A1B837F1200664191 = {
			isa = PBXGroup;
			children = (
				7D0E4E151B837F1200664191 /* LMPullToBounce */,
				7D0E4E2F1B837F1200664191 /* LMPullToBounceTests */,
				7D0E4E141B837F1200664191 /* Products */,
				19F5D411FE1EFCC302B7B3F9 /* Frameworks */,
			);
			sourceTree = "<group>";
		};
		7D0E4E141B837F1200664191 /* Products */ = {
			isa = PBXGroup;
			children = (
				7D0E4E131B837F1200664191 /* LMPullToBounce.app */,
				7D0E4E2C1B837F1200664191 /* LMPullToBounceTests.xctest */,
			);
			name = Products;
			sourceTree = "<group>";
		};
		7D0E4E151B837F1200664191 /* LMPullToBounce */ = {
			isa = PBXGroup;
			children = (
				7D0E4E3C1B837F2200664191 /* Source */,
				7D0E4E1A1B837F1200664191 /* AppDelegate.h */,
				7D0E4E1B1B837F1200664191 /* AppDelegate.m */,
				7D0E4E1D1B837F1200664191 /* ViewController.h */,
				7D0E4E1E1B837F1200664191 /* ViewController.m */,
				7DF17BF71B849E9A00DD3F33 /* SampleTableViewCell.h */,
				7DF17BF81B849E9A00DD3F33 /* SampleTableViewCell.m */,
				7D0E4E201B837F1200664191 /* Main.storyboard */,
				7D0E4E251B837F1200664191 /* LaunchScreen.xib */,
				7D0E4E231B837F1200664191 /* Images.xcassets */,
				7D0E4E161B837F1200664191 /* Supporting Files */,
			);
			name = LMPullToBounce;
			path = WKPullToBounce;
			sourceTree = "<group>";
		};
		7D0E4E161B837F1200664191 /* Supporting Files */ = {
			isa = PBXGroup;
			children = (
				7D0E4E171B837F1200664191 /* Info.plist */,
				7D0E4E181B837F1200664191 /* main.m */,
			);
			name = "Supporting Files";
			sourceTree = "<group>";
		};
		7D0E4E2F1B837F1200664191 /* LMPullToBounceTests */ = {
			isa = PBXGroup;
			children = (
				7D0E4E321B837F1200664191 /* WKPullToBounceTests.m */,
				7D0E4E301B837F1200664191 /* Supporting Files */,
			);
			name = LMPullToBounceTests;
			path = WKPullToBounceTests;
			sourceTree = "<group>";
		};
		7D0E4E301B837F1200664191 /* Supporting Files */ = {
			isa = PBXGroup;
			children = (
				7D0E4E311B837F1200664191 /* Info.plist */,
			);
			name = "Supporting Files";
			sourceTree = "<group>";
		};
		7D0E4E3C1B837F2200664191 /* Source */ = {
			isa = PBXGroup;
			children = (
				7D0E4E4D1B838F3400664191 /* LMPullToBounceWrapper.h */,
				7D0E4E4E1B838F3400664191 /* LMPullToBounceWrapper.m */,
				7D0E4E4A1B838A4000664191 /* BounceView.h */,
				7D0E4E4B1B838A4000664191 /* BounceView.m */,
				7D0E4E471B837FF900664191 /* WaveView.h */,
				7D0E4E481B837FF900664191 /* WaveView.m */,
				7D0E4E3D1B837F2200664191 /* BallView.h */,
				7D0E4E3E1B837F2200664191 /* BallView.m */,
				7D0E4E3F1B837F2200664191 /* Category */,
			);
			path = Source;
			sourceTree = "<group>";
		};
		7D0E4E3F1B837F2200664191 /* Category */ = {
			isa = PBXGroup;
			children = (
				7D0E4E401B837F2200664191 /* NSTimer+PullToBounce.h */,
				7D0E4E411B837F2200664191 /* NSTimer+PullToBounce.m */,
				7D0E4E421B837F2200664191 /* UIView+PullToBounce.h */,
				7D0E4E431B837F2200664191 /* UIView+PullToBounce.m */,
			);
			path = Category;
			sourceTree = "<group>";
		};
/* End PBXGroup section */

/* Begin PBXNativeTarget section */
		7D0E4E121B837F1200664191 /* LMPullToBounce */ = {
			isa = PBXNativeTarget;
			buildConfigurationList = 7D0E4E361B837F1200664191 /* Build configuration list for PBXNativeTarget "LMPullToBounce" */;
			buildPhases = (
				7D0E4E0F1B837F1200664191 /* Sources */,
				7D0E4E101B837F1200664191 /* Frameworks */,
				7D0E4E111B837F1200664191 /* Resources */,
			);
			buildRules = (
			);
			dependencies = (
			);
			name = LMPullToBounce;
			productName = WKPullToBounce;
			productReference = 7D0E4E131B837F1200664191 /* LMPullToBounce.app */;
			productType = "com.apple.product-type.application";
		};
		7D0E4E2B1B837F1200664191 /* LMPullToBounceTests */ = {
			isa = PBXNativeTarget;
			buildConfigurationList = 7D0E4E391B837F1200664191 /* Build configuration list for PBXNativeTarget "LMPullToBounceTests" */;
			buildPhases = (
				7D0E4E281B837F1200664191 /* Sources */,
				7D0E4E291B837F1200664191 /* Frameworks */,
				7D0E4E2A1B837F1200664191 /* Resources */,
			);
			buildRules = (
			);
			dependencies = (
				7D0E4E2E1B837F1200664191 /* PBXTargetDependency */,
			);
			name = LMPullToBounceTests;
			productName = WKPullToBounceTests;
			productReference = 7D0E4E2C1B837F1200664191 /* LMPullToBounceTests.xctest */;
			productType = "com.apple.product-type.bundle.unit-test";
		};
/* End PBXNativeTarget section */

/* Begin PBXProject section */
		7D0E4E0B1B837F1200664191 /* Project object */ = {
			isa = PBXProject;
			attributes = {
				LastUpgradeCheck = 0640;
				ORGANIZATIONNAME = com.nju.luckymore;
				TargetAttributes = {
					7D0E4E121B837F1200664191 = {
						CreatedOnToolsVersion = 6.4;
					};
					7D0E4E2B1B837F1200664191 = {
						CreatedOnToolsVersion = 6.4;
						TestTargetID = 7D0E4E121B837F1200664191;
					};
				};
			};
			buildConfigurationList = 7D0E4E0E1B837F1200664191 /* Build configuration list for PBXProject "LMPullToBounce" */;
			compatibilityVersion = "Xcode 3.2";
			developmentRegion = English;
			hasScannedForEncodings = 0;
			knownRegions = (
				en,
				Base,
			);
			mainGroup = 7D0E4E0A1B837F1200664191;
			productRefGroup = 7D0E4E141B837F1200664191 /* Products */;
			projectDirPath = "";
			projectRoot = "";
			targets = (
				7D0E4E121B837F1200664191 /* LMPullToBounce */,
				7D0E4E2B1B837F1200664191 /* LMPullToBounceTests */,
			);
		};
/* End PBXProject section */

/* Begin PBXResourcesBuildPhase section */
		7D0E4E111B837F1200664191 /* Resources */ = {
			isa = PBXResourcesBuildPhase;
			buildActionMask = 2147483647;
			files = (
				7D0E4E221B837F1200664191 /* Main.storyboard in Resources */,
				7D0E4E271B837F1200664191 /* LaunchScreen.xib in Resources */,
				7D0E4E241B837F1200664191 /* Images.xcassets in Resources */,
			);
			runOnlyForDeploymentPostprocessing = 0;
		};
		7D0E4E2A1B837F1200664191 /* Resources */ = {
			isa = PBXResourcesBuildPhase;
			buildActionMask = 2147483647;
			files = (
			);
			runOnlyForDeploymentPostprocessing = 0;
		};
/* End PBXResourcesBuildPhase section */

/* Begin PBXSourcesBuildPhase section */
		7D0E4E0F1B837F1200664191 /* Sources */ = {
			isa = PBXSourcesBuildPhase;
			buildActionMask = 2147483647;
			files = (
				7D0E4E451B837F2200664191 /* NSTimer+PullToBounce.m in Sources */,
				7D0E4E491B837FF900664191 /* WaveView.m in Sources */,
				7D0E4E1F1B837F1200664191 /* ViewController.m in Sources */,
				7D0E4E1C1B837F1200664191 /* AppDelegate.m in Sources */,
				7D0E4E191B837F1200664191 /* main.m in Sources */,
				7D0E4E4F1B838F3400664191 /* LMPullToBounceWrapper.m in Sources */,
				7D0E4E461B837F2200664191 /* UIView+PullToBounce.m in Sources */,
				7DF17BF91B849E9A00DD3F33 /* SampleTableViewCell.m in Sources */,
				7D0E4E4C1B838A4000664191 /* BounceView.m in Sources */,
				7D0E4E441B837F2200664191 /* BallView.m in Sources */,
			);
			runOnlyForDeploymentPostprocessing = 0;
		};
		7D0E4E281B837F1200664191 /* Sources */ = {
			isa = PBXSourcesBuildPhase;
			buildActionMask = 2147483647;
			files = (
				7D0E4E331B837F1200664191 /* WKPullToBounceTests.m in Sources */,
			);
			runOnlyForDeploymentPostprocessing = 0;
		};
/* End PBXSourcesBuildPhase section */

/* Begin PBXTargetDependency section */
		7D0E4E2E1B837F1200664191 /* PBXTargetDependency */ = {
			isa = PBXTargetDependency;
			target = 7D0E4E121B837F1200664191 /* LMPullToBounce */;
			targetProxy = 7D0E4E2D1B837F1200664191 /* PBXContainerItemProxy */;
		};
/* End PBXTargetDependency section */

/* Begin PBXVariantGroup section */
		7D0E4E201B837F1200664191 /* Main.storyboard */ = {
			isa = PBXVariantGroup;
			children = (
				7D0E4E211B837F1200664191 /* Base */,
			);
			name = Main.storyboard;
			sourceTree = "<group>";
		};
		7D0E4E251B837F1200664191 /* LaunchScreen.xib */ = {
			isa = PBXVariantGroup;
			children = (
				7D0E4E261B837F1200664191 /* Base */,
			);
			name = LaunchScreen.xib;
			sourceTree = "<group>";
		};
/* End PBXVariantGroup section */

/* Begin XCBuildConfiguration section */
		7D0E4E341B837F1200664191 /* Debug */ = {
			isa = XCBuildConfiguration;
			buildSettings = {
				ALWAYS_SEARCH_USER_PATHS = NO;
				CLANG_CXX_LANGUAGE_STANDARD = "gnu++0x";
				CLANG_CXX_LIBRARY = "libc++";
				CLANG_ENABLE_MODULES = YES;
				CLANG_ENABLE_OBJC_ARC = YES;
				CLANG_WARN_BOOL_CONVERSION = YES;
				CLANG_WARN_CONSTANT_CONVERSION = YES;
				CLANG_WARN_DIRECT_OBJC_ISA_USAGE = YES_ERROR;
				CLANG_WARN_EMPTY_BODY = YES;
				CLANG_WARN_ENUM_CONVERSION = YES;
				CLANG_WARN_INT_CONVERSION = YES;
				CLANG_WARN_OBJC_ROOT_CLASS = YES_ERROR;
				CLANG_WARN_UNREACHABLE_CODE = YES;
				CLANG_WARN__DUPLICATE_METHOD_MATCH = YES;
				"CODE_SIGN_IDENTITY[sdk=iphoneos*]" = "iPhone Developer";
				COPY_PHASE_STRIP = NO;
				DEBUG_INFORMATION_FORMAT = "dwarf-with-dsym";
				ENABLE_STRICT_OBJC_MSGSEND = YES;
				GCC_C_LANGUAGE_STANDARD = gnu99;
				GCC_DYNAMIC_NO_PIC = NO;
				GCC_NO_COMMON_BLOCKS = YES;
				GCC_OPTIMIZATION_LEVEL = 0;
				GCC_PREPROCESSOR_DEFINITIONS = (
					"DEBUG=1",
					"$(inherited)",
				);
				GCC_SYMBOLS_PRIVATE_EXTERN = NO;
				GCC_WARN_64_TO_32_BIT_CONVERSION = YES;
				GCC_WARN_ABOUT_RETURN_TYPE = YES_ERROR;
				GCC_WARN_UNDECLARED_SELECTOR = YES;
				GCC_WARN_UNINITIALIZED_AUTOS = YES_AGGRESSIVE;
				GCC_WARN_UNUSED_FUNCTION = YES;
				GCC_WARN_UNUSED_VARIABLE = YES;
				IPHONEOS_DEPLOYMENT_TARGET = 8.4;
				MTL_ENABLE_DEBUG_INFO = YES;
				ONLY_ACTIVE_ARCH = YES;
				SDKROOT = iphoneos;
			};
			name = Debug;
		};
		7D0E4E351B837F1200664191 /* Release */ = {
			isa = XCBuildConfiguration;
			buildSettings = {
				ALWAYS_SEARCH_USER_PATHS = NO;
				CLANG_CXX_LANGUAGE_STANDARD = "gnu++0x";
				CLANG_CXX_LIBRARY = "libc++";
				CLANG_ENABLE_MODULES = YES;
				CLANG_ENABLE_OBJC_ARC = YES;
				CLANG_WARN_BOOL_CONVERSION = YES;
				CLANG_WARN_CONSTANT_CONVERSION = YES;
				CLANG_WARN_DIRECT_OBJC_ISA_USAGE = YES_ERROR;
				CLANG_WARN_EMPTY_BODY = YES;
				CLANG_WARN_ENUM_CONVERSION = YES;
				CLANG_WARN_INT_CONVERSION = YES;
				CLANG_WARN_OBJC_ROOT_CLASS = YES_ERROR;
				CLANG_WARN_UNREACHABLE_CODE = YES;
				CLANG_WARN__DUPLICATE_METHOD_MATCH = YES;
				"CODE_SIGN_IDENTITY[sdk=iphoneos*]" = "iPhone Developer";
				COPY_PHASE_STRIP = NO;
				DEBUG_INFORMATION_FORMAT = "dwarf-with-dsym";
				ENABLE_NS_ASSERTIONS = NO;
				ENABLE_STRICT_OBJC_MSGSEND = YES;
				GCC_C_LANGUAGE_STANDARD = gnu99;
				GCC_NO_COMMON_BLOCKS = YES;
				GCC_WARN_64_TO_32_BIT_CONVERSION = YES;
				GCC_WARN_ABOUT_RETURN_TYPE = YES_ERROR;
				GCC_WARN_UNDECLARED_SELECTOR = YES;
				GCC_WARN_UNINITIALIZED_AUTOS = YES_AGGRESSIVE;
				GCC_WARN_UNUSED_FUNCTION = YES;
				GCC_WARN_UNUSED_VARIABLE = YES;
				IPHONEOS_DEPLOYMENT_TARGET = 8.4;
				MTL_ENABLE_DEBUG_INFO = NO;
				SDKROOT = iphoneos;
				VALIDATE_PRODUCT = YES;
			};
			name = Release;
		};
		7D0E4E371B837F1200664191 /* Debug */ = {
			isa = XCBuildConfiguration;
			buildSettings = {
				ASSETCATALOG_COMPILER_APPICON_NAME = AppIcon;
				INFOPLIST_FILE = WKPullToBounce/Info.plist;
				IPHONEOS_DEPLOYMENT_TARGET = 7.0;
				LD_RUNPATH_SEARCH_PATHS = "$(inherited) @executable_path/Frameworks";
				PRODUCT_NAME = LMPullToBounce;
			};
			name = Debug;
		};
		7D0E4E381B837F1200664191 /* Release */ = {
			isa = XCBuildConfiguration;
			buildSettings = {
				ASSETCATALOG_COMPILER_APPICON_NAME = AppIcon;
				INFOPLIST_FILE = WKPullToBounce/Info.plist;
				IPHONEOS_DEPLOYMENT_TARGET = 7.0;
				LD_RUNPATH_SEARCH_PATHS = "$(inherited) @executable_path/Frameworks";
				PRODUCT_NAME = LMPullToBounce;
			};
			name = Release;
		};
		7D0E4E3A1B837F1200664191 /* Debug */ = {
			isa = XCBuildConfiguration;
			buildSettings = {
				BUNDLE_LOADER = "$(TEST_HOST)";
				FRAMEWORK_SEARCH_PATHS = (
					"$(SDKROOT)/Developer/Library/Frameworks",
					"$(inherited)",
				);
				GCC_PREPROCESSOR_DEFINITIONS = (
					"DEBUG=1",
					"$(inherited)",
				);
				INFOPLIST_FILE = WKPullToBounceTests/Info.plist;
				LD_RUNPATH_SEARCH_PATHS = "$(inherited) @executable_path/Frameworks @loader_path/Frameworks";
				PRODUCT_NAME = LMPullToBounceTests;
				TEST_HOST = "$(BUILT_PRODUCTS_DIR)/WKPullToBounce.app/WKPullToBounce";
			};
			name = Debug;
		};
		7D0E4E3B1B837F1200664191 /* Release */ = {
			isa = XCBuildConfiguration;
			buildSettings = {
				BUNDLE_LOADER = "$(TEST_HOST)";
				FRAMEWORK_SEARCH_PATHS = (
					"$(SDKROOT)/Developer/Library/Frameworks",
					"$(inherited)",
				);
				INFOPLIST_FILE = WKPullToBounceTests/Info.plist;
				LD_RUNPATH_SEARCH_PATHS = "$(inherited) @executable_path/Frameworks @loader_path/Frameworks";
				PRODUCT_NAME = LMPullToBounceTests;
				TEST_HOST = "$(BUILT_PRODUCTS_DIR)/WKPullToBounce.app/WKPullToBounce";
			};
			name = Release;
		};
/* End XCBuildConfiguration section */

/* Begin XCConfigurationList section */
		7D0E4E0E1B837F1200664191 /* Build configuration list for PBXProject "LMPullToBounce" */ = {
			isa = XCConfigurationList;
			buildConfigurations = (
				7D0E4E341B837F1200664191 /* Debug */,
				7D0E4E351B837F1200664191 /* Release */,
			);
			defaultConfigurationIsVisible = 0;
			defaultConfigurationName = Release;
		};
		7D0E4E361B837F1200664191 /* Build configuration list for PBXNativeTarget "LMPullToBounce" */ = {
			isa = XCConfigurationList;
			buildConfigurations = (
				7D0E4E371B837F1200664191 /* Debug */,
				7D0E4E381B837F1200664191 /* Release */,
			);
			defaultConfigurationIsVisible = 0;
			defaultConfigurationName = Release;
		};
		7D0E4E391B837F1200664191 /* Build configuration list for PBXNativeTarget "LMPullToBounceTests" */ = {
			isa = XCConfigurationList;
			buildConfigurations = (
				7D0E4E3A1B837F1200664191 /* Debug */,
				7D0E4E3B1B837F1200664191 /* Release */,
			);
			defaultConfigurationIsVisible = 0;
			defaultConfigurationName = Release;
		};
/* End XCConfigurationList section */
	};
	rootObject = 7D0E4E0B1B837F1200664191 /* Project object */;
}
